
Microsoft Visual Studio Solution File, Format Version 12.00
# Visual Studio Version 16
VisualStudioVersion = 16.0.34407.143
MinimumVisualStudioVersion = 10.0.40219.1
Project("{FAE04EC0-301F-11D3-BF4B-00C04F79EFBC}") = "ProyectoGuardar", "ProyectoGuardar\ProyectoGuardar.csproj", "{693ACB8F-FCD0-40BB-BA7D-536AA041B608}"
EndProject
Global
	GlobalSection(SolutionConfigurationPlatforms) = preSolution
		Debug|Any CPU = Debug|Any CPU
		Release|Any CPU = Release|Any CPU
	EndGlobalSection
	GlobalSection(ProjectConfigurationPlatforms) = postSolution
		{693ACB8F-FCD0-40BB-BA7D-536AA041B608}.Debug|Any CPU.ActiveCfg = Debug|Any CPU
		{693ACB8F-FCD0-40BB-BA7D-536AA041B608}.Debug|Any CPU.Build.0 = Debug|Any CPU
		{693ACB8F-FCD0-40BB-BA7D-536AA041B608}.Release|Any CPU.ActiveCfg = Release|Any CPU
		{693ACB8F-FCD0-40BB-BA7D-536AA041B608}.Release|Any CPU.Build.0 = Release|Any CPU
	EndGlobalSection
	GlobalSection(SolutionProperties) = preSolution
		HideSolutionNode = FALSE
	EndGlobalSection
	GlobalSection(ExtensibilityGlobals) = postSolution
		SolutionGuid = {0AE08C1D-2956-430C-89C1-AA02E0DE9BE1}
	EndGlobalSection
EndGlobal
